
Microsoft Visual Studio Solution File, Format Version 12.00
# Visual Studio 15
VisualStudioVersion = 15.0.26621.2
MinimumVisualStudioVersion = 10.0.40219.1
Project("{FAE04EC0-301F-11D3-BF4B-00C04F79EFBC}") = "GroupVarint", "GroupVarint\GroupVarint.csproj", "{B1F53B0C-E82F-429A-A165-35C5270BA27A}"
EndProject
Project("{FAE04EC0-301F-11D3-BF4B-00C04F79EFBC}") = "GroupVarint.Tests", "GroupVarint.Tests\GroupVarint.Tests.csproj", "{7130E5D8-894C-4A7E-AFA5-B412625D6822}"
EndProject
Project("{FAE04EC0-301F-11D3-BF4B-00C04F79EFBC}") = "GroupVarint.Tools", "GroupVarint.Tools\GroupVarint.Tools.csproj", "{F01CA6CA-C098-4957-9BFE-C18E941889F4}"
EndProject
Global
	GlobalSection(SolutionConfigurationPlatforms) = preSolution
		Debug|Any CPU = Debug|Any CPU
		Release|Any CPU = Release|Any CPU
	EndGlobalSection
	GlobalSection(ProjectConfigurationPlatforms) = postSolution
		{B1F53B0C-E82F-429A-A165-35C5270BA27A}.Debug|Any CPU.ActiveCfg = Debug|Any CPU
		{B1F53B0C-E82F-429A-A165-35C5270BA27A}.Debug|Any CPU.Build.0 = Debug|Any CPU
		{B1F53B0C-E82F-429A-A165-35C5270BA27A}.Release|Any CPU.ActiveCfg = Release|Any CPU
		{B1F53B0C-E82F-429A-A165-35C5270BA27A}.Release|Any CPU.Build.0 = Release|Any CPU
		{7130E5D8-894C-4A7E-AFA5-B412625D6822}.Debug|Any CPU.ActiveCfg = Debug|Any CPU
		{7130E5D8-894C-4A7E-AFA5-B412625D6822}.Debug|Any CPU.Build.0 = Debug|Any CPU
		{7130E5D8-894C-4A7E-AFA5-B412625D6822}.Release|Any CPU.ActiveCfg = Release|Any CPU
		{7130E5D8-894C-4A7E-AFA5-B412625D6822}.Release|Any CPU.Build.0 = Release|Any CPU
		{F01CA6CA-C098-4957-9BFE-C18E941889F4}.Debug|Any CPU.ActiveCfg = Debug|Any CPU
		{F01CA6CA-C098-4957-9BFE-C18E941889F4}.Debug|Any CPU.Build.0 = Debug|Any CPU
		{F01CA6CA-C098-4957-9BFE-C18E941889F4}.Release|Any CPU.ActiveCfg = Release|Any CPU
		{F01CA6CA-C098-4957-9BFE-C18E941889F4}.Release|Any CPU.Build.0 = Release|Any CPU
	EndGlobalSection
	GlobalSection(SolutionProperties) = preSolution
		HideSolutionNode = FALSE
	EndGlobalSection
	GlobalSection(ExtensibilityGlobals) = postSolution
		SolutionGuid = {9110DFEB-C5CA-42D7-8948-B366553A1518}
	EndGlobalSection
EndGlobal
